
Microsoft Visual Studio Solution File, Format Version 12.00
# Visual Studio Version 17
VisualStudioVersion = 17.8.34330.188
MinimumVisualStudioVersion = 10.0.40219.1
Project("{9A19103F-16F7-4668-BE54-9A1E7A4F7556}") = "ngAppApi", "ngAppApi\ngAppApi.csproj", "{EFE80913-A335-44C6-81D4-F8FF84C1D9E2}"
EndProject
Project("{9A19103F-16F7-4668-BE54-9A1E7A4F7556}") = "ngAppApi.Core", "ngAppApi.Core\ngAppApi.Core.csproj", "{14F8B650-C270-477D-A1D0-58D9B028E221}"
EndProject
Project("{9A19103F-16F7-4668-BE54-9A1E7A4F7556}") = "ngAppApi.TestPOC", "ngAppApi.TestPOC\ngAppApi.TestPOC.csproj", "{1E998DB1-ABCB-4830-922F-FF4F7EB9814E}"
EndProject
Project("{9A19103F-16F7-4668-BE54-9A1E7A4F7556}") = "ngAppApi.SentimentAnalysis", "ngAppApi.SentimentAnalysis\ngAppApi.SentimentAnalysis.csproj", "{18F5787C-053A-4725-96ED-DE213298C2D4}"
EndProject
Project("{2150E333-8FDC-42A3-9474-1A3956D46DE8}") = "ngApp.SentimentAnalysis", "ngApp.SentimentAnalysis", "{A9EFE2D4-B18D-463F-B776-6E349B5A870D}"
EndProject
Project("{2150E333-8FDC-42A3-9474-1A3956D46DE8}") = "ngApp.UserManagement", "ngApp.UserManagement", "{53ACDB71-5F07-42D0-BA70-717647D56DFB}"
EndProject
Project("{9A19103F-16F7-4668-BE54-9A1E7A4F7556}") = "ngAppApi.UserManagement", "ngAppApi.UserManagement\ngAppApi.UserManagement.csproj", "{AC72D6E3-3566-40AC-BE59-44039CEB53ED}"
EndProject
Project("{9A19103F-16F7-4668-BE54-9A1E7A4F7556}") = "ngAppApi.UserManagement.Web", "ngAppApi.UserManagement.Web\ngAppApi.UserManagement.Web.csproj", "{E561C852-F942-4E61-A364-91064C00F20B}"
EndProject
Project("{9A19103F-16F7-4668-BE54-9A1E7A4F7556}") = "ngAppApi.SentimentAnalysis.Web", "ngAppApi.SentimentAnalysis.Web\ngAppApi.SentimentAnalysis.Web.csproj", "{1E5D1F51-3464-4BF8-92F4-CCE57F84581D}"
EndProject
Global
	GlobalSection(SolutionConfigurationPlatforms) = preSolution
		Debug|Any CPU = Debug|Any CPU
		Release|Any CPU = Release|Any CPU
	EndGlobalSection
	GlobalSection(ProjectConfigurationPlatforms) = postSolution
		{EFE80913-A335-44C6-81D4-F8FF84C1D9E2}.Debug|Any CPU.ActiveCfg = Debug|Any CPU
		{EFE80913-A335-44C6-81D4-F8FF84C1D9E2}.Debug|Any CPU.Build.0 = Debug|Any CPU
		{EFE80913-A335-44C6-81D4-F8FF84C1D9E2}.Release|Any CPU.ActiveCfg = Release|Any CPU
		{EFE80913-A335-44C6-81D4-F8FF84C1D9E2}.Release|Any CPU.Build.0 = Release|Any CPU
		{14F8B650-C270-477D-A1D0-58D9B028E221}.Debug|Any CPU.ActiveCfg = Debug|Any CPU
		{14F8B650-C270-477D-A1D0-58D9B028E221}.Debug|Any CPU.Build.0 = Debug|Any CPU
		{14F8B650-C270-477D-A1D0-58D9B028E221}.Release|Any CPU.ActiveCfg = Release|Any CPU
		{14F8B650-C270-477D-A1D0-58D9B028E221}.Release|Any CPU.Build.0 = Release|Any CPU
		{1E998DB1-ABCB-4830-922F-FF4F7EB9814E}.Debug|Any CPU.ActiveCfg = Debug|Any CPU
		{1E998DB1-ABCB-4830-922F-FF4F7EB9814E}.Debug|Any CPU.Build.0 = Debug|Any CPU
		{1E998DB1-ABCB-4830-922F-FF4F7EB9814E}.Release|Any CPU.ActiveCfg = Release|Any CPU
		{1E998DB1-ABCB-4830-922F-FF4F7EB9814E}.Release|Any CPU.Build.0 = Release|Any CPU
		{18F5787C-053A-4725-96ED-DE213298C2D4}.Debug|Any CPU.ActiveCfg = Debug|Any CPU
		{18F5787C-053A-4725-96ED-DE213298C2D4}.Debug|Any CPU.Build.0 = Debug|Any CPU
		{18F5787C-053A-4725-96ED-DE213298C2D4}.Release|Any CPU.ActiveCfg = Release|Any CPU
		{18F5787C-053A-4725-96ED-DE213298C2D4}.Release|Any CPU.Build.0 = Release|Any CPU
		{AC72D6E3-3566-40AC-BE59-44039CEB53ED}.Debug|Any CPU.ActiveCfg = Debug|Any CPU
		{AC72D6E3-3566-40AC-BE59-44039CEB53ED}.Debug|Any CPU.Build.0 = Debug|Any CPU
		{AC72D6E3-3566-40AC-BE59-44039CEB53ED}.Release|Any CPU.ActiveCfg = Release|Any CPU
		{AC72D6E3-3566-40AC-BE59-44039CEB53ED}.Release|Any CPU.Build.0 = Release|Any CPU
		{E561C852-F942-4E61-A364-91064C00F20B}.Debug|Any CPU.ActiveCfg = Debug|Any CPU
		{E561C852-F942-4E61-A364-91064C00F20B}.Debug|Any CPU.Build.0 = Debug|Any CPU
		{E561C852-F942-4E61-A364-91064C00F20B}.Release|Any CPU.ActiveCfg = Release|Any CPU
		{E561C852-F942-4E61-A364-91064C00F20B}.Release|Any CPU.Build.0 = Release|Any CPU
		{1E5D1F51-3464-4BF8-92F4-CCE57F84581D}.Debug|Any CPU.ActiveCfg = Debug|Any CPU
		{1E5D1F51-3464-4BF8-92F4-CCE57F84581D}.Debug|Any CPU.Build.0 = Debug|Any CPU
		{1E5D1F51-3464-4BF8-92F4-CCE57F84581D}.Release|Any CPU.ActiveCfg = Release|Any CPU
		{1E5D1F51-3464-4BF8-92F4-CCE57F84581D}.Release|Any CPU.Build.0 = Release|Any CPU
	EndGlobalSection
	GlobalSection(SolutionProperties) = preSolution
		HideSolutionNode = FALSE
	EndGlobalSection
	GlobalSection(NestedProjects) = preSolution
		{18F5787C-053A-4725-96ED-DE213298C2D4} = {A9EFE2D4-B18D-463F-B776-6E349B5A870D}
		{AC72D6E3-3566-40AC-BE59-44039CEB53ED} = {53ACDB71-5F07-42D0-BA70-717647D56DFB}
		{E561C852-F942-4E61-A364-91064C00F20B} = {53ACDB71-5F07-42D0-BA70-717647D56DFB}
		{1E5D1F51-3464-4BF8-92F4-CCE57F84581D} = {A9EFE2D4-B18D-463F-B776-6E349B5A870D}
	EndGlobalSection
	GlobalSection(ExtensibilityGlobals) = postSolution
		SolutionGuid = {8FF18AF7-D3EB-4EF0-BEA2-E0484010EEC4}
	EndGlobalSection
EndGlobal
